
Microsoft Visual Studio Solution File, Format Version 12.00
# Visual Studio 15
VisualStudioVersion = 15.0.27703.2000
MinimumVisualStudioVersion = 10.0.40219.1
Project("{2150E333-8FDC-42A3-9474-1A3956D46DE8}") = "1. Host", "1. Host", "{EB021E05-696B-4B08-BCC4-9B8C514AA1C0}"
EndProject
Project("{2150E333-8FDC-42A3-9474-1A3956D46DE8}") = "2. Application", "2. Application", "{5745EB94-6728-48E6-A5A4-B14959D21AFA}"
EndProject
Project("{2150E333-8FDC-42A3-9474-1A3956D46DE8}") = "3. Service", "3. Service", "{4485A7B9-3F6E-4993-BB6C-917BCC5D1BF8}"
EndProject
Project("{2150E333-8FDC-42A3-9474-1A3956D46DE8}") = "4. Infrastructure", "4. Infrastructure", "{984111B7-E7A9-45C5-B068-13C1C0F48DEE}"
EndProject
Project("{2150E333-8FDC-42A3-9474-1A3956D46DE8}") = "5. Test Layer", "5. Test Layer", "{E73216F2-E7F6-4BF3-A090-D65FE2777128}"
EndProject
Project("{9A19103F-16F7-4668-BE54-9A1E7A4F7556}") = "TOTVS.PDV.Host.WebApi", "TOTVS.PDV.Host.WebApi\TOTVS.PDV.Host.WebApi.csproj", "{391DC4AB-235A-4B12-9FBD-23AA9B6E0386}"
EndProject
Project("{9A19103F-16F7-4668-BE54-9A1E7A4F7556}") = "TOTVS.PDV.Application.Services.Mappers", "TOTVS.PDV.Application.Services.Mappers\TOTVS.PDV.Application.Services.Mappers.csproj", "{0469EC2B-7FE3-40E4-BEF1-44C88DE97E7D}"
EndProject
Project("{FAE04EC0-301F-11D3-BF4B-00C04F79EFBC}") = "TOTVS.PDV.Application.Services", "TOTVS.PDV.Application.Services\TOTVS.PDV.Application.Services.csproj", "{4977FF92-061F-4A20-9387-749D18D5C790}"
EndProject
Project("{FAE04EC0-301F-11D3-BF4B-00C04F79EFBC}") = "TOTVS.PDV.Application.Messages", "TOTVS.PDV.Application.Messages\TOTVS.PDV.Application.Messages.csproj", "{B2E1B736-386F-4710-8081-D7BBCA42C336}"
EndProject
Project("{2150E333-8FDC-42A3-9474-1A3956D46DE8}") = "Data", "Data", "{7718C9D8-8B91-4B55-96FB-5CFE991AA39A}"
EndProject
Project("{2150E333-8FDC-42A3-9474-1A3956D46DE8}") = "CrossCutting", "CrossCutting", "{E5010DB3-16A8-4A64-A997-4861640BFB95}"
EndProject
Project("{FAE04EC0-301F-11D3-BF4B-00C04F79EFBC}") = "TOTVS.PDV.Services.Models", "TOTVS.PDV.Services.Models\TOTVS.PDV.Services.Models.csproj", "{FEC557D2-E756-4E07-B1D7-3046B88D1B8A}"
EndProject
Project("{FAE04EC0-301F-11D3-BF4B-00C04F79EFBC}") = "TOTVS.PDV.Services.Contracts", "TOTVS.PDV.Services.Contracts\TOTVS.PDV.Services.Contracts.csproj", "{19209DF1-3972-4A1E-A0C1-E3A5284793BF}"
EndProject
Project("{FAE04EC0-301F-11D3-BF4B-00C04F79EFBC}") = "TOTVS.PDV.Services", "TOTVS.PDV.Services\TOTVS.PDV.Services.csproj", "{DA22BFC4-951A-4344-B312-44172B1E138D}"
EndProject
Project("{FAE04EC0-301F-11D3-BF4B-00C04F79EFBC}") = "TOTVS.PDV.Tests", "TOTVS.PDV.Tests\TOTVS.PDV.Tests.csproj", "{44108E97-9B36-408C-9E13-C4A5C1B37BAC}"
EndProject
Project("{FAE04EC0-301F-11D3-BF4B-00C04F79EFBC}") = "TOTVS.PDV.Infra.CrossCutting.DI", "TOTVS.PDV.Infra.CrossCutting.DI\TOTVS.PDV.Infra.CrossCutting.DI.csproj", "{2D167E1D-4C66-4575-B759-8FDAE789DEEE}"
EndProject
Project("{FAE04EC0-301F-11D3-BF4B-00C04F79EFBC}") = "TOTVS.PDV.Infra.Data", "TOTVS.PDV.Infra.Data\TOTVS.PDV.Infra.Data.csproj", "{09DC92BF-FC4E-4EE8-B366-DFFF99575A4E}"
EndProject
Project("{FAE04EC0-301F-11D3-BF4B-00C04F79EFBC}") = "TOTVS.PDV.Infra.Data.Contracts", "TOTVS.PDV.Infra.Data.Contracts\TOTVS.PDV.Infra.Data.Contracts.csproj", "{9B3ED989-A7EE-438F-9EA2-473E819123E5}"
EndProject
Global
	GlobalSection(SolutionConfigurationPlatforms) = preSolution
		Debug|Any CPU = Debug|Any CPU
		Release|Any CPU = Release|Any CPU
	EndGlobalSection
	GlobalSection(ProjectConfigurationPlatforms) = postSolution
		{391DC4AB-235A-4B12-9FBD-23AA9B6E0386}.Debug|Any CPU.ActiveCfg = Debug|Any CPU
		{391DC4AB-235A-4B12-9FBD-23AA9B6E0386}.Debug|Any CPU.Build.0 = Debug|Any CPU
		{391DC4AB-235A-4B12-9FBD-23AA9B6E0386}.Release|Any CPU.ActiveCfg = Release|Any CPU
		{391DC4AB-235A-4B12-9FBD-23AA9B6E0386}.Release|Any CPU.Build.0 = Release|Any CPU
		{0469EC2B-7FE3-40E4-BEF1-44C88DE97E7D}.Debug|Any CPU.ActiveCfg = Debug|Any CPU
		{0469EC2B-7FE3-40E4-BEF1-44C88DE97E7D}.Debug|Any CPU.Build.0 = Debug|Any CPU
		{0469EC2B-7FE3-40E4-BEF1-44C88DE97E7D}.Release|Any CPU.ActiveCfg = Release|Any CPU
		{0469EC2B-7FE3-40E4-BEF1-44C88DE97E7D}.Release|Any CPU.Build.0 = Release|Any CPU
		{4977FF92-061F-4A20-9387-749D18D5C790}.Debug|Any CPU.ActiveCfg = Debug|Any CPU
		{4977FF92-061F-4A20-9387-749D18D5C790}.Debug|Any CPU.Build.0 = Debug|Any CPU
		{4977FF92-061F-4A20-9387-749D18D5C790}.Release|Any CPU.ActiveCfg = Release|Any CPU
		{4977FF92-061F-4A20-9387-749D18D5C790}.Release|Any CPU.Build.0 = Release|Any CPU
		{B2E1B736-386F-4710-8081-D7BBCA42C336}.Debug|Any CPU.ActiveCfg = Debug|Any CPU
		{B2E1B736-386F-4710-8081-D7BBCA42C336}.Debug|Any CPU.Build.0 = Debug|Any CPU
		{B2E1B736-386F-4710-8081-D7BBCA42C336}.Release|Any CPU.ActiveCfg = Release|Any CPU
		{B2E1B736-386F-4710-8081-D7BBCA42C336}.Release|Any CPU.Build.0 = Release|Any CPU
		{FEC557D2-E756-4E07-B1D7-3046B88D1B8A}.Debug|Any CPU.ActiveCfg = Debug|Any CPU
		{FEC557D2-E756-4E07-B1D7-3046B88D1B8A}.Debug|Any CPU.Build.0 = Debug|Any CPU
		{FEC557D2-E756-4E07-B1D7-3046B88D1B8A}.Release|Any CPU.ActiveCfg = Release|Any CPU
		{FEC557D2-E756-4E07-B1D7-3046B88D1B8A}.Release|Any CPU.Build.0 = Release|Any CPU
		{19209DF1-3972-4A1E-A0C1-E3A5284793BF}.Debug|Any CPU.ActiveCfg = Debug|Any CPU
		{19209DF1-3972-4A1E-A0C1-E3A5284793BF}.Debug|Any CPU.Build.0 = Debug|Any CPU
		{19209DF1-3972-4A1E-A0C1-E3A5284793BF}.Release|Any CPU.ActiveCfg = Release|Any CPU
		{19209DF1-3972-4A1E-A0C1-E3A5284793BF}.Release|Any CPU.Build.0 = Release|Any CPU
		{DA22BFC4-951A-4344-B312-44172B1E138D}.Debug|Any CPU.ActiveCfg = Debug|Any CPU
		{DA22BFC4-951A-4344-B312-44172B1E138D}.Debug|Any CPU.Build.0 = Debug|Any CPU
		{DA22BFC4-951A-4344-B312-44172B1E138D}.Release|Any CPU.ActiveCfg = Release|Any CPU
		{DA22BFC4-951A-4344-B312-44172B1E138D}.Release|Any CPU.Build.0 = Release|Any CPU
		{44108E97-9B36-408C-9E13-C4A5C1B37BAC}.Debug|Any CPU.ActiveCfg = Debug|Any CPU
		{44108E97-9B36-408C-9E13-C4A5C1B37BAC}.Debug|Any CPU.Build.0 = Debug|Any CPU
		{44108E97-9B36-408C-9E13-C4A5C1B37BAC}.Release|Any CPU.ActiveCfg = Release|Any CPU
		{44108E97-9B36-408C-9E13-C4A5C1B37BAC}.Release|Any CPU.Build.0 = Release|Any CPU
		{2D167E1D-4C66-4575-B759-8FDAE789DEEE}.Debug|Any CPU.ActiveCfg = Debug|Any CPU
		{2D167E1D-4C66-4575-B759-8FDAE789DEEE}.Debug|Any CPU.Build.0 = Debug|Any CPU
		{2D167E1D-4C66-4575-B759-8FDAE789DEEE}.Release|Any CPU.ActiveCfg = Release|Any CPU
		{2D167E1D-4C66-4575-B759-8FDAE789DEEE}.Release|Any CPU.Build.0 = Release|Any CPU
		{09DC92BF-FC4E-4EE8-B366-DFFF99575A4E}.Debug|Any CPU.ActiveCfg = Debug|Any CPU
		{09DC92BF-FC4E-4EE8-B366-DFFF99575A4E}.Debug|Any CPU.Build.0 = Debug|Any CPU
		{09DC92BF-FC4E-4EE8-B366-DFFF99575A4E}.Release|Any CPU.ActiveCfg = Release|Any CPU
		{09DC92BF-FC4E-4EE8-B366-DFFF99575A4E}.Release|Any CPU.Build.0 = Release|Any CPU
		{9B3ED989-A7EE-438F-9EA2-473E819123E5}.Debug|Any CPU.ActiveCfg = Debug|Any CPU
		{9B3ED989-A7EE-438F-9EA2-473E819123E5}.Debug|Any CPU.Build.0 = Debug|Any CPU
		{9B3ED989-A7EE-438F-9EA2-473E819123E5}.Release|Any CPU.ActiveCfg = Release|Any CPU
		{9B3ED989-A7EE-438F-9EA2-473E819123E5}.Release|Any CPU.Build.0 = Release|Any CPU
	EndGlobalSection
	GlobalSection(SolutionProperties) = preSolution
		HideSolutionNode = FALSE
	EndGlobalSection
	GlobalSection(NestedProjects) = preSolution
		{391DC4AB-235A-4B12-9FBD-23AA9B6E0386} = {EB021E05-696B-4B08-BCC4-9B8C514AA1C0}
		{0469EC2B-7FE3-40E4-BEF1-44C88DE97E7D} = {5745EB94-6728-48E6-A5A4-B14959D21AFA}
		{4977FF92-061F-4A20-9387-749D18D5C790} = {5745EB94-6728-48E6-A5A4-B14959D21AFA}
		{B2E1B736-386F-4710-8081-D7BBCA42C336} = {5745EB94-6728-48E6-A5A4-B14959D21AFA}
		{7718C9D8-8B91-4B55-96FB-5CFE991AA39A} = {984111B7-E7A9-45C5-B068-13C1C0F48DEE}
		{E5010DB3-16A8-4A64-A997-4861640BFB95} = {984111B7-E7A9-45C5-B068-13C1C0F48DEE}
		{FEC557D2-E756-4E07-B1D7-3046B88D1B8A} = {4485A7B9-3F6E-4993-BB6C-917BCC5D1BF8}
		{19209DF1-3972-4A1E-A0C1-E3A5284793BF} = {4485A7B9-3F6E-4993-BB6C-917BCC5D1BF8}
		{DA22BFC4-951A-4344-B312-44172B1E138D} = {4485A7B9-3F6E-4993-BB6C-917BCC5D1BF8}
		{44108E97-9B36-408C-9E13-C4A5C1B37BAC} = {E73216F2-E7F6-4BF3-A090-D65FE2777128}
		{2D167E1D-4C66-4575-B759-8FDAE789DEEE} = {E5010DB3-16A8-4A64-A997-4861640BFB95}
		{09DC92BF-FC4E-4EE8-B366-DFFF99575A4E} = {7718C9D8-8B91-4B55-96FB-5CFE991AA39A}
		{9B3ED989-A7EE-438F-9EA2-473E819123E5} = {7718C9D8-8B91-4B55-96FB-5CFE991AA39A}
	EndGlobalSection
	GlobalSection(ExtensibilityGlobals) = postSolution
		SolutionGuid = {4FBDFD72-F0AB-41FD-86C5-AA5039AF4B56}
	EndGlobalSection
EndGlobal
